// !$*UTF8*$!
{
	archiveVersion = 1;
	classes = {
	};
	objectVersion = 55;
	objects = {

/* Begin PBXBuildFile section */
		1F9DD7CA27F6CD03002F6BA7 /* AppDelegate.swift in Sources */ = {isa = PBXBuildFile; fileRef = 1F9DD7C927F6CD03002F6BA7 /* AppDelegate.swift */; };
		1F9DD7CC27F6CD03002F6BA7 /* SceneDelegate.swift in Sources */ = {isa = PBXBuildFile; fileRef = 1F9DD7CB27F6CD03002F6BA7 /* SceneDelegate.swift */; };
		1F9DD7CE27F6CD03002F6BA7 /* ViewController.swift in Sources */ = {isa = PBXBuildFile; fileRef = 1F9DD7CD27F6CD03002F6BA7 /* ViewController.swift */; };
		1F9DD7D127F6CD03002F6BA7 /* Main.storyboard in Resources */ = {isa = PBXBuildFile; fileRef = 1F9DD7CF27F6CD03002F6BA7 /* Main.storyboard */; };
		1F9DD7D327F6CD03002F6BA7 /* Assets.xcassets in Resources */ = {isa = PBXBuildFile; fileRef = 1F9DD7D227F6CD03002F6BA7 /* Assets.xcassets */; };
		1F9DD7D627F6CD03002F6BA7 /* LaunchScreen.storyboard in Resources */ = {isa = PBXBuildFile; fileRef = 1F9DD7D427F6CD03002F6BA7 /* LaunchScreen.storyboard */; };
		1F9DD7E127F6CD04002F6BA7 /* helloiosTests.swift in Sources */ = {isa = PBXBuildFile; fileRef = 1F9DD7E027F6CD04002F6BA7 /* helloiosTests.swift */; };
		1F9DD7EB27F6CD04002F6BA7 /* helloiosUITests.swift in Sources */ = {isa = PBXBuildFile; fileRef = 1F9DD7EA27F6CD04002F6BA7 /* helloiosUITests.swift */; };
		1F9DD7ED27F6CD04002F6BA7 /* helloiosUITestsLaunchTests.swift in Sources */ = {isa = PBXBuildFile; fileRef = 1F9DD7EC27F6CD04002F6BA7 /* helloiosUITestsLaunchTests.swift */; };
/* End PBXBuildFile section */

/* Begin PBXContainerItemProxy section */
		1F9DD7DD27F6CD04002F6BA7 /* PBXContainerItemProxy */ = {
			isa = PBXContainerItemProxy;
			containerPortal = 1F9DD7BE27F6CD03002F6BA7 /* Project object */;
			proxyType = 1;
			remoteGlobalIDString = 1F9DD7C527F6CD03002F6BA7;
			remoteInfo = helloios;
		};
		1F9DD7E727F6CD04002F6BA7 /* PBXContainerItemProxy */ = {
			isa = PBXContainerItemProxy;
			containerPortal = 1F9DD7BE27F6CD03002F6BA7 /* Project object */;
			proxyType = 1;
			remoteGlobalIDString = 1F9DD7C527F6CD03002F6BA7;
			remoteInfo = helloios;
		};
/* End PBXContainerItemProxy section */

/* Begin PBXFileReference section */
		1F9DD7C627F6CD03002F6BA7 /* helloios.app */ = {isa = PBXFileReference; explicitFileType = wrapper.application; includeInIndex = 0; path = helloios.app; sourceTree = BUILT_PRODUCTS_DIR; };
		1F9DD7C927F6CD03002F6BA7 /* AppDelegate.swift */ = {isa = PBXFileReference; lastKnownFileType = sourcecode.swift; path = AppDelegate.swift; sourceTree = "<group>"; };
		1F9DD7CB27F6CD03002F6BA7 /* SceneDelegate.swift */ = {isa = PBXFileReference; lastKnownFileType = sourcecode.swift; path = SceneDelegate.swift; sourceTree = "<group>"; };
		1F9DD7CD27F6CD03002F6BA7 /* ViewController.swift */ = {isa = PBXFileReference; lastKnownFileType = sourcecode.swift; path = ViewController.swift; sourceTree = "<group>"; };
		1F9DD7D027F6CD03002F6BA7 /* Base */ = {isa = PBXFileReference; lastKnownFileType = file.storyboard; name = Base; path = Base.lproj/Main.storyboard; sourceTree = "<group>"; };
		1F9DD7D227F6CD03002F6BA7 /* Assets.xcassets */ = {isa = PBXFileReference; lastKnownFileType = folder.assetcatalog; path = Assets.xcassets; sourceTree = "<group>"; };
		1F9DD7D527F6CD03002F6BA7 /* Base */ = {isa = PBXFileReference; lastKnownFileType = file.storyboard; name = Base; path = Base.lproj/LaunchScreen.storyboard; sourceTree = "<group>"; };
		1F9DD7D727F6CD03002F6BA7 /* Info.plist */ = {isa = PBXFileReference; lastKnownFileType = text.plist.xml; path = Info.plist; sourceTree = "<group>"; };
		1F9DD7DC27F6CD04002F6BA7 /* helloiosTests.xctest */ = {isa = PBXFileReference; explicitFileType = wrapper.cfbundle; includeInIndex = 0; path = helloiosTests.xctest; sourceTree = BUILT_PRODUCTS_DIR; };
		1F9DD7E027F6CD04002F6BA7 /* helloiosTests.swift */ = {isa = PBXFileReference; lastKnownFileType = sourcecode.swift; path = helloiosTests.swift; sourceTree = "<group>"; };
		1F9DD7E627F6CD04002F6BA7 /* helloiosUITests.xctest */ = {isa = PBXFileReference; explicitFileType = wrapper.cfbundle; includeInIndex = 0; path = helloiosUITests.xctest; sourceTree = BUILT_PRODUCTS_DIR; };
		1F9DD7EA27F6CD04002F6BA7 /* helloiosUITests.swift */ = {isa = PBXFileReference; lastKnownFileType = sourcecode.swift; path = helloiosUITests.swift; sourceTree = "<group>"; };
		1F9DD7EC27F6CD04002F6BA7 /* helloiosUITestsLaunchTests.swift */ = {isa = PBXFileReference; lastKnownFileType = sourcecode.swift; path = helloiosUITestsLaunchTests.swift; sourceTree = "<group>"; };
/* End PBXFileReference section */

/* Begin PBXFrameworksBuildPhase section */
		1F9DD7C327F6CD03002F6BA7 /* Frameworks */ = {
			isa = PBXFrameworksBuildPhase;
			buildActionMask = 2147483647;
			files = (
			);
			runOnlyForDeploymentPostprocessing = 0;
		};
		1F9DD7D927F6CD04002F6BA7 /* Frameworks */ = {
			isa = PBXFrameworksBuildPhase;
			buildActionMask = 2147483647;
			files = (
			);
			runOnlyForDeploymentPostprocessing = 0;
		};
		1F9DD7E327F6CD04002F6BA7 /* Frameworks */ = {
			isa = PBXFrameworksBuildPhase;
			buildActionMask = 2147483647;
			files = (
			);
			runOnlyForDeploymentPostprocessing = 0;
		};
/* End PBXFrameworksBuildPhase section */

/* Begin PBXGroup section */
		1F9DD7BD27F6CD03002F6BA7 = {
			isa = PBXGroup;
			children = (
				1F9DD7C827F6CD03002F6BA7 /* helloios */,
				1F9DD7DF27F6CD04002F6BA7 /* helloiosTests */,
				1F9DD7E927F6CD04002F6BA7 /* helloiosUITests */,
				1F9DD7C727F6CD03002F6BA7 /* Products */,
			);
			sourceTree = "<group>";
		};
		1F9DD7C727F6CD03002F6BA7 /* Products */ = {
			isa = PBXGroup;
			children = (
				1F9DD7C627F6CD03002F6BA7 /* helloios.app */,
				1F9DD7DC27F6CD04002F6BA7 /* helloiosTests.xctest */,
				1F9DD7E627F6CD04002F6BA7 /* helloiosUITests.xctest */,
			);
			name = Products;
			sourceTree = "<group>";
		};
		1F9DD7C827F6CD03002F6BA7 /* helloios */ = {
			isa = PBXGroup;
			children = (
				1F9DD7C927F6CD03002F6BA7 /* AppDelegate.swift */,
				1F9DD7CB27F6CD03002F6BA7 /* SceneDelegate.swift */,
				1F9DD7CD27F6CD03002F6BA7 /* ViewController.swift */,
				1F9DD7CF27F6CD03002F6BA7 /* Main.storyboard */,
				1F9DD7D227F6CD03002F6BA7 /* Assets.xcassets */,
				1F9DD7D427F6CD03002F6BA7 /* LaunchScreen.storyboard */,
				1F9DD7D727F6CD03002F6BA7 /* Info.plist */,
			);
			path = helloios;
			sourceTree = "<group>";
		};
		1F9DD7DF27F6CD04002F6BA7 /* helloiosTests */ = {
			isa = PBXGroup;
			children = (
				1F9DD7E027F6CD04002F6BA7 /* helloiosTests.swift */,
			);
			path = helloiosTests;
			sourceTree = "<group>";
		};
		1F9DD7E927F6CD04002F6BA7 /* helloiosUITests */ = {
			isa = PBXGroup;
			children = (
				1F9DD7EA27F6CD04002F6BA7 /* helloiosUITests.swift */,
				1F9DD7EC27F6CD04002F6BA7 /* helloiosUITestsLaunchTests.swift */,
			);
			path = helloiosUITests;
			sourceTree = "<group>";
		};
/* End PBXGroup section */

/* Begin PBXNativeTarget section */
		1F9DD7C527F6CD03002F6BA7 /* helloios */ = {
			isa = PBXNativeTarget;
			buildConfigurationList = 1F9DD7F027F6CD04002F6BA7 /* Build configuration list for PBXNativeTarget "helloios" */;
			buildPhases = (
				1F9DD7C227F6CD03002F6BA7 /* Sources */,
				1F9DD7C327F6CD03002F6BA7 /* Frameworks */,
				1F9DD7C427F6CD03002F6BA7 /* Resources */,
			);
			buildRules = (
			);
			dependencies = (
			);
			name = helloios;
			productName = helloios;
			productReference = 1F9DD7C627F6CD03002F6BA7 /* helloios.app */;
			productType = "com.apple.product-type.application";
		};
		1F9DD7DB27F6CD04002F6BA7 /* helloiosTests */ = {
			isa = PBXNativeTarget;
			buildConfigurationList = 1F9DD7F327F6CD04002F6BA7 /* Build configuration list for PBXNativeTarget "helloiosTests" */;
			buildPhases = (
				1F9DD7D827F6CD04002F6BA7 /* Sources */,
				1F9DD7D927F6CD04002F6BA7 /* Frameworks */,
				1F9DD7DA27F6CD04002F6BA7 /* Resources */,
			);
			buildRules = (
			);
			dependencies = (
				1F9DD7DE27F6CD04002F6BA7 /* PBXTargetDependency */,
			);
			name = helloiosTests;
			productName = helloiosTests;
			productReference = 1F9DD7DC27F6CD04002F6BA7 /* helloiosTests.xctest */;
			productType = "com.apple.product-type.bundle.unit-test";
		};
		1F9DD7E527F6CD04002F6BA7 /* helloiosUITests */ = {
			isa = PBXNativeTarget;
			buildConfigurationList = 1F9DD7F627F6CD04002F6BA7 /* Build configuration list for PBXNativeTarget "helloiosUITests" */;
			buildPhases = (
				1F9DD7E227F6CD04002F6BA7 /* Sources */,
				1F9DD7E327F6CD04002F6BA7 /* Frameworks */,
				1F9DD7E427F6CD04002F6BA7 /* Resources */,
			);
			buildRules = (
			);
			dependencies = (
				1F9DD7E827F6CD04002F6BA7 /* PBXTargetDependency */,
			);
			name = helloiosUITests;
			productName = helloiosUITests;
			productReference = 1F9DD7E627F6CD04002F6BA7 /* helloiosUITests.xctest */;
			productType = "com.apple.product-type.bundle.ui-testing";
		};
/* End PBXNativeTarget section */

/* Begin PBXProject section */
		1F9DD7BE27F6CD03002F6BA7 /* Project object */ = {
			isa = PBXProject;
			attributes = {
				BuildIndependentTargetsInParallel = 1;
				LastSwiftUpdateCheck = 1330;
				LastUpgradeCheck = 1330;
				TargetAttributes = {
					1F9DD7C527F6CD03002F6BA7 = {
						CreatedOnToolsVersion = 13.3;
					};
					1F9DD7DB27F6CD04002F6BA7 = {
						CreatedOnToolsVersion = 13.3;
						TestTargetID = 1F9DD7C527F6CD03002F6BA7;
					};
					1F9DD7E527F6CD04002F6BA7 = {
						CreatedOnToolsVersion = 13.3;
						TestTargetID = 1F9DD7C527F6CD03002F6BA7;
					};
				};
			};
			buildConfigurationList = 1F9DD7C127F6CD03002F6BA7 /* Build configuration list for PBXProject "helloios" */;
			compatibilityVersion = "Xcode 13.0";
			developmentRegion = en;
			hasScannedForEncodings = 0;
			knownRegions = (
				en,
				Base,
			);
			mainGroup = 1F9DD7BD27F6CD03002F6BA7;
			productRefGroup = 1F9DD7C727F6CD03002F6BA7 /* Products */;
			projectDirPath = "";
			projectRoot = "";
			targets = (
				1F9DD7C527F6CD03002F6BA7 /* helloios */,
				1F9DD7DB27F6CD04002F6BA7 /* helloiosTests */,
				1F9DD7E527F6CD04002F6BA7 /* helloiosUITests */,
			);
		};
/* End PBXProject section */

/* Begin PBXResourcesBuildPhase section */
		1F9DD7C427F6CD03002F6BA7 /* Resources */ = {
			isa = PBXResourcesBuildPhase;
			buildActionMask = 2147483647;
			files = (
				1F9DD7D627F6CD03002F6BA7 /* LaunchScreen.storyboard in Resources */,
				1F9DD7D327F6CD03002F6BA7 /* Assets.xcassets in Resources */,
				1F9DD7D127F6CD03002F6BA7 /* Main.storyboard in Resources */,
			);
			runOnlyForDeploymentPostprocessing = 0;
		};
		1F9DD7DA27F6CD04002F6BA7 /* Resources */ = {
			isa = PBXResourcesBuildPhase;
			buildActionMask = 2147483647;
			files = (
			);
			runOnlyForDeploymentPostprocessing = 0;
		};
		1F9DD7E427F6CD04002F6BA7 /* Resources */ = {
			isa = PBXResourcesBuildPhase;
			buildActionMask = 2147483647;
			files = (
			);
			runOnlyForDeploymentPostprocessing = 0;
		};
/* End PBXResourcesBuildPhase section */

/* Begin PBXSourcesBuildPhase section */
		1F9DD7C227F6CD03002F6BA7 /* Sources */ = {
			isa = PBXSourcesBuildPhase;
			buildActionMask = 2147483647;
			files = (
				1F9DD7CE27F6CD03002F6BA7 /* ViewController.swift in Sources */,
				1F9DD7CA27F6CD03002F6BA7 /* AppDelegate.swift in Sources */,
				1F9DD7CC27F6CD03002F6BA7 /* SceneDelegate.swift in Sources */,
			);
			runOnlyForDeploymentPostprocessing = 0;
		};
		1F9DD7D827F6CD04002F6BA7 /* Sources */ = {
			isa = PBXSourcesBuildPhase;
			buildActionMask = 2147483647;
			files = (
				1F9DD7E127F6CD04002F6BA7 /* helloiosTests.swift in Sources */,
			);
			runOnlyForDeploymentPostprocessing = 0;
		};
		1F9DD7E227F6CD04002F6BA7 /* Sources */ = {
			isa = PBXSourcesBuildPhase;
			buildActionMask = 2147483647;
			files = (
				1F9DD7ED27F6CD04002F6BA7 /* helloiosUITestsLaunchTests.swift in Sources */,
				1F9DD7EB27F6CD04002F6BA7 /* helloiosUITests.swift in Sources */,
			);
			runOnlyForDeploymentPostprocessing = 0;
		};
/* End PBXSourcesBuildPhase section */

/* Begin PBXTargetDependency section */
		1F9DD7DE27F6CD04002F6BA7 /* PBXTargetDependency */ = {
			isa = PBXTargetDependency;
			target = 1F9DD7C527F6CD03002F6BA7 /* helloios */;
			targetProxy = 1F9DD7DD27F6CD04002F6BA7 /* PBXContainerItemProxy */;
		};
		1F9DD7E827F6CD04002F6BA7 /* PBXTargetDependency */ = {
			isa = PBXTargetDependency;
			target = 1F9DD7C527F6CD03002F6BA7 /* helloios */;
			targetProxy = 1F9DD7E727F6CD04002F6BA7 /* PBXContainerItemProxy */;
		};
/* End PBXTargetDependency section */

/* Begin PBXVariantGroup section */
		1F9DD7CF27F6CD03002F6BA7 /* Main.storyboard */ = {
			isa = PBXVariantGroup;
			children = (
				1F9DD7D027F6CD03002F6BA7 /* Base */,
			);
			name = Main.storyboard;
			sourceTree = "<group>";
		};
		1F9DD7D427F6CD03002F6BA7 /* LaunchScreen.storyboard */ = {
			isa = PBXVariantGroup;
			children = (
				1F9DD7D527F6CD03002F6BA7 /* Base */,
			);
			name = LaunchScreen.storyboard;
			sourceTree = "<group>";
		};
/* End PBXVariantGroup section */

/* Begin XCBuildConfiguration section */
		1F9DD7EE27F6CD04002F6BA7 /* Debug */ = {
			isa = XCBuildConfiguration;
			buildSettings = {
				ALWAYS_SEARCH_USER_PATHS = NO;
				CLANG_ANALYZER_NONNULL = YES;
				CLANG_ANALYZER_NUMBER_OBJECT_CONVERSION = YES_AGGRESSIVE;
				CLANG_CXX_LANGUAGE_STANDARD = "gnu++17";
				CLANG_ENABLE_MODULES = YES;
				CLANG_ENABLE_OBJC_ARC = YES;
				CLANG_ENABLE_OBJC_WEAK = YES;
				CLANG_WARN_BLOCK_CAPTURE_AUTORELEASING = YES;
				CLANG_WARN_BOOL_CONVERSION = YES;
				CLANG_WARN_COMMA = YES;
				CLANG_WARN_CONSTANT_CONVERSION = YES;
				CLANG_WARN_DEPRECATED_OBJC_IMPLEMENTATIONS = YES;
				CLANG_WARN_DIRECT_OBJC_ISA_USAGE = YES_ERROR;
				CLANG_WARN_DOCUMENTATION_COMMENTS = YES;
				CLANG_WARN_EMPTY_BODY = YES;
				CLANG_WARN_ENUM_CONVERSION = YES;
				CLANG_WARN_INFINITE_RECURSION = YES;
				CLANG_WARN_INT_CONVERSION = YES;
				CLANG_WARN_NON_LITERAL_NULL_CONVERSION = YES;
				CLANG_WARN_OBJC_IMPLICIT_RETAIN_SELF = YES;
				CLANG_WARN_OBJC_LITERAL_CONVERSION = YES;
				CLANG_WARN_OBJC_ROOT_CLASS = YES_ERROR;
				CLANG_WARN_QUOTED_INCLUDE_IN_FRAMEWORK_HEADER = YES;
				CLANG_WARN_RANGE_LOOP_ANALYSIS = YES;
				CLANG_WARN_STRICT_PROTOTYPES = YES;
				CLANG_WARN_SUSPICIOUS_MOVE = YES;
				CLANG_WARN_UNGUARDED_AVAILABILITY = YES_AGGRESSIVE;
				CLANG_WARN_UNREACHABLE_CODE = YES;
				CLANG_WARN__DUPLICATE_METHOD_MATCH = YES;
				COPY_PHASE_STRIP = NO;
				DEBUG_INFORMATION_FORMAT = dwarf;
				ENABLE_STRICT_OBJC_MSGSEND = YES;
				ENABLE_TESTABILITY = YES;
				GCC_C_LANGUAGE_STANDARD = gnu11;
				GCC_DYNAMIC_NO_PIC = NO;
				GCC_NO_COMMON_BLOCKS = YES;
				GCC_OPTIMIZATION_LEVEL = 0;
				GCC_PREPROCESSOR_DEFINITIONS = (
					"DEBUG=1",
					"$(inherited)",
				);
				GCC_WARN_64_TO_32_BIT_CONVERSION = YES;
				GCC_WARN_ABOUT_RETURN_TYPE = YES_ERROR;
				GCC_WARN_UNDECLARED_SELECTOR = YES;
				GCC_WARN_UNINITIALIZED_AUTOS = YES_AGGRESSIVE;
				GCC_WARN_UNUSED_FUNCTION = YES;
				GCC_WARN_UNUSED_VARIABLE = YES;
				IPHONEOS_DEPLOYMENT_TARGET = 15.4;
				MTL_ENABLE_DEBUG_INFO = INCLUDE_SOURCE;
				MTL_FAST_MATH = YES;
				ONLY_ACTIVE_ARCH = YES;
				SDKROOT = iphoneos;
				SWIFT_ACTIVE_COMPILATION_CONDITIONS = DEBUG;
				SWIFT_OPTIMIZATION_LEVEL = "-Onone";
			};
			name = Debug;
		};
		1F9DD7EF27F6CD04002F6BA7 /* Release */ = {
			isa = XCBuildConfiguration;
			buildSettings = {
				ALWAYS_SEARCH_USER_PATHS = NO;
				CLANG_ANALYZER_NONNULL = YES;
				CLANG_ANALYZER_NUMBER_OBJECT_CONVERSION = YES_AGGRESSIVE;
				CLANG_CXX_LANGUAGE_STANDARD = "gnu++17";
				CLANG_ENABLE_MODULES = YES;
				CLANG_ENABLE_OBJC_ARC = YES;
				CLANG_ENABLE_OBJC_WEAK = YES;
				CLANG_WARN_BLOCK_CAPTURE_AUTORELEASING = YES;
				CLANG_WARN_BOOL_CONVERSION = YES;
				CLANG_WARN_COMMA = YES;
				CLANG_WARN_CONSTANT_CONVERSION = YES;
				CLANG_WARN_DEPRECATED_OBJC_IMPLEMENTATIONS = YES;
				CLANG_WARN_DIRECT_OBJC_ISA_USAGE = YES_ERROR;
				CLANG_WARN_DOCUMENTATION_COMMENTS = YES;
				CLANG_WARN_EMPTY_BODY = YES;
				CLANG_WARN_ENUM_CONVERSION = YES;
				CLANG_WARN_INFINITE_RECURSION = YES;
				CLANG_WARN_INT_CONVERSION = YES;
				CLANG_WARN_NON_LITERAL_NULL_CONVERSION = YES;
				CLANG_WARN_OBJC_IMPLICIT_RETAIN_SELF = YES;
				CLANG_WARN_OBJC_LITERAL_CONVERSION = YES;
				CLANG_WARN_OBJC_ROOT_CLASS = YES_ERROR;
				CLANG_WARN_QUOTED_INCLUDE_IN_FRAMEWORK_HEADER = YES;
				CLANG_WARN_RANGE_LOOP_ANALYSIS = YES;
				CLANG_WARN_STRICT_PROTOTYPES = YES;
				CLANG_WARN_SUSPICIOUS_MOVE = YES;
				CLANG_WARN_UNGUARDED_AVAILABILITY = YES_AGGRESSIVE;
				CLANG_WARN_UNREACHABLE_CODE = YES;
				CLANG_WARN__DUPLICATE_METHOD_MATCH = YES;
				COPY_PHASE_STRIP = NO;
				DEBUG_INFORMATION_FORMAT = "dwarf-with-dsym";
				ENABLE_NS_ASSERTIONS = NO;
				ENABLE_STRICT_OBJC_MSGSEND = YES;
				GCC_C_LANGUAGE_STANDARD = gnu11;
				GCC_NO_COMMON_BLOCKS = YES;
				GCC_WARN_64_TO_32_BIT_CONVERSION = YES;
				GCC_WARN_ABOUT_RETURN_TYPE = YES_ERROR;
				GCC_WARN_UNDECLARED_SELECTOR = YES;
				GCC_WARN_UNINITIALIZED_AUTOS = YES_AGGRESSIVE;
				GCC_WARN_UNUSED_FUNCTION = YES;
				GCC_WARN_UNUSED_VARIABLE = YES;
				IPHONEOS_DEPLOYMENT_TARGET = 15.4;
				MTL_ENABLE_DEBUG_INFO = NO;
				MTL_FAST_MATH = YES;
				SDKROOT = iphoneos;
				SWIFT_COMPILATION_MODE = wholemodule;
				SWIFT_OPTIMIZATION_LEVEL = "-O";
				VALIDATE_PRODUCT = YES;
			};
			name = Release;
		};
		1F9DD7F127F6CD04002F6BA7 /* Debug */ = {
			isa = XCBuildConfiguration;
			buildSettings = {
				ASSETCATALOG_COMPILER_APPICON_NAME = AppIcon;
				ASSETCATALOG_COMPILER_GLOBAL_ACCENT_COLOR_NAME = AccentColor;
				CODE_SIGN_STYLE = Automatic;
				CURRENT_PROJECT_VERSION = 1;
				DEVELOPMENT_TEAM = 8RQ8TF6XCF;
				GENERATE_INFOPLIST_FILE = YES;
				INFOPLIST_FILE = helloios/Info.plist;
				INFOPLIST_KEY_CFBundleDisplayName = Hello;
				INFOPLIST_KEY_UIApplicationSupportsIndirectInputEvents = YES;
				INFOPLIST_KEY_UILaunchStoryboardName = LaunchScreen;
				INFOPLIST_KEY_UIMainStoryboardFile = Main;
				INFOPLIST_KEY_UISupportedInterfaceOrientations_iPad = "UIInterfaceOrientationPortrait UIInterfaceOrientationPortraitUpsideDown UIInterfaceOrientationLandscapeLeft UIInterfaceOrientationLandscapeRight";
				INFOPLIST_KEY_UISupportedInterfaceOrientations_iPhone = "UIInterfaceOrientationPortrait UIInterfaceOrientationLandscapeLeft UIInterfaceOrientationLandscapeRight";
				IPHONEOS_DEPLOYMENT_TARGET = 14.0;
				LD_RUNPATH_SEARCH_PATHS = (
					"$(inherited)",
					"@executable_path/Frameworks",
				);
				MARKETING_VERSION = 1.0;
				PRODUCT_BUNDLE_IDENTIFIER = "com.wensi-xu.helloios";
				PRODUCT_NAME = "$(TARGET_NAME)";
				SWIFT_EMIT_LOC_STRINGS = YES;
				SWIFT_VERSION = 5.0;
				TARGETED_DEVICE_FAMILY = "1,2";
			};
			name = Debug;
		};
		1F9DD7F227F6CD04002F6BA7 /* Release */ = {
			isa = XCBuildConfiguration;
			buildSettings = {
				ASSETCATALOG_COMPILER_APPICON_NAME = AppIcon;
				ASSETCATALOG_COMPILER_GLOBAL_ACCENT_COLOR_NAME = AccentColor;
				CODE_SIGN_STYLE = Automatic;
				CURRENT_PROJECT_VERSION = 1;
				DEVELOPMENT_TEAM = 8RQ8TF6XCF;
				GENERATE_INFOPLIST_FILE = YES;
				INFOPLIST_FILE = helloios/Info.plist;
				INFOPLIST_KEY_CFBundleDisplayName = Hello;
				INFOPLIST_KEY_UIApplicationSupportsIndirectInputEvents = YES;
				INFOPLIST_KEY_UILaunchStoryboardName = LaunchScreen;
				INFOPLIST_KEY_UIMainStoryboardFile = Main;
				INFOPLIST_KEY_UISupportedInterfaceOrientations_iPad = "UIInterfaceOrientationPortrait UIInterfaceOrientationPortraitUpsideDown UIInterfaceOrientationLandscapeLeft UIInterfaceOrientationLandscapeRight";
				INFOPLIST_KEY_UISupportedInterfaceOrientations_iPhone = "UIInterfaceOrientationPortrait UIInterfaceOrientationLandscapeLeft UIInterfaceOrientationLandscapeRight";
				IPHONEOS_DEPLOYMENT_TARGET = 14.0;
				LD_RUNPATH_SEARCH_PATHS = (
					"$(inherited)",
					"@executable_path/Frameworks",
				);
				MARKETING_VERSION = 1.0;
				PRODUCT_BUNDLE_IDENTIFIER = "com.wensi-xu.helloios";
				PRODUCT_NAME = "$(TARGET_NAME)";
				SWIFT_EMIT_LOC_STRINGS = YES;
				SWIFT_VERSION = 5.0;
				TARGETED_DEVICE_FAMILY = "1,2";
			};
			name = Release;
		};
		1F9DD7F427F6CD04002F6BA7 /* Debug */ = {
			isa = XCBuildConfiguration;
			buildSettings = {
				ALWAYS_EMBED_SWIFT_STANDARD_LIBRARIES = YES;
				BUNDLE_LOADER = "$(TEST_HOST)";
				CODE_SIGN_STYLE = Automatic;
				CURRENT_PROJECT_VERSION = 1;
				DEVELOPMENT_TEAM = 8RQ8TF6XCF;
				GENERATE_INFOPLIST_FILE = YES;
				IPHONEOS_DEPLOYMENT_TARGET = 15.4;
				MARKETING_VERSION = 1.0;
				PRODUCT_BUNDLE_IDENTIFIER = "wensi-xu.helloiosTests";
				PRODUCT_NAME = "$(TARGET_NAME)";
				SWIFT_EMIT_LOC_STRINGS = NO;
				SWIFT_VERSION = 5.0;
				TARGETED_DEVICE_FAMILY = "1,2";
				TEST_HOST = "$(BUILT_PRODUCTS_DIR)/helloios.app/helloios";
			};
			name = Debug;
		};
		1F9DD7F527F6CD04002F6BA7 /* Release */ = {
			isa = XCBuildConfiguration;
			buildSettings = {
				ALWAYS_EMBED_SWIFT_STANDARD_LIBRARIES = YES;
				BUNDLE_LOADER = "$(TEST_HOST)";
				CODE_SIGN_STYLE = Automatic;
				CURRENT_PROJECT_VERSION = 1;
				DEVELOPMENT_TEAM = 8RQ8TF6XCF;
				GENERATE_INFOPLIST_FILE = YES;
				IPHONEOS_DEPLOYMENT_TARGET = 15.4;
				MARKETING_VERSION = 1.0;
				PRODUCT_BUNDLE_IDENTIFIER = "wensi-xu.helloiosTests";
				PRODUCT_NAME = "$(TARGET_NAME)";
				SWIFT_EMIT_LOC_STRINGS = NO;
				SWIFT_VERSION = 5.0;
				TARGETED_DEVICE_FAMILY = "1,2";
				TEST_HOST = "$(BUILT_PRODUCTS_DIR)/helloios.app/helloios";
			};
			name = Release;
		};
		1F9DD7F727F6CD04002F6BA7 /* Debug */ = {
			isa = XCBuildConfiguration;
			buildSettings = {
				ALWAYS_EMBED_SWIFT_STANDARD_LIBRARIES = YES;
				CODE_SIGN_STYLE = Automatic;
				CURRENT_PROJECT_VERSION = 1;
				DEVELOPMENT_TEAM = 8RQ8TF6XCF;
				GENERATE_INFOPLIST_FILE = YES;
				MARKETING_VERSION = 1.0;
				PRODUCT_BUNDLE_IDENTIFIER = "wensi-xu.helloiosUITests";
				PRODUCT_NAME = "$(TARGET_NAME)";
				SWIFT_EMIT_LOC_STRINGS = NO;
				SWIFT_VERSION = 5.0;
				TARGETED_DEVICE_FAMILY = "1,2";
				TEST_TARGET_NAME = helloios;
			};
			name = Debug;
		};
		1F9DD7F827F6CD04002F6BA7 /* Release */ = {
			isa = XCBuildConfiguration;
			buildSettings = {
				ALWAYS_EMBED_SWIFT_STANDARD_LIBRARIES = YES;
				CODE_SIGN_STYLE = Automatic;
				CURRENT_PROJECT_VERSION = 1;
				DEVELOPMENT_TEAM = 8RQ8TF6XCF;
				GENERATE_INFOPLIST_FILE = YES;
				MARKETING_VERSION = 1.0;
				PRODUCT_BUNDLE_IDENTIFIER = "wensi-xu.helloiosUITests";
				PRODUCT_NAME = "$(TARGET_NAME)";
				SWIFT_EMIT_LOC_STRINGS = NO;
				SWIFT_VERSION = 5.0;
				TARGETED_DEVICE_FAMILY = "1,2";
				TEST_TARGET_NAME = helloios;
			};
			name = Release;
		};
/* End XCBuildConfiguration section */

/* Begin XCConfigurationList section */
		1F9DD7C127F6CD03002F6BA7 /* Build configuration list for PBXProject "helloios" */ = {
			isa = XCConfigurationList;
			buildConfigurations = (
				1F9DD7EE27F6CD04002F6BA7 /* Debug */,
				1F9DD7EF27F6CD04002F6BA7 /* Release */,
			);
			defaultConfigurationIsVisible = 0;
			defaultConfigurationName = Release;
		};
		1F9DD7F027F6CD04002F6BA7 /* Build configuration list for PBXNativeTarget "helloios" */ = {
			isa = XCConfigurationList;
			buildConfigurations = (
				1F9DD7F127F6CD04002F6BA7 /* Debug */,
				1F9DD7F227F6CD04002F6BA7 /* Release */,
			);
			defaultConfigurationIsVisible = 0;
			defaultConfigurationName = Release;
		};
		1F9DD7F327F6CD04002F6BA7 /* Build configuration list for PBXNativeTarget "helloiosTests" */ = {
			isa = XCConfigurationList;
			buildConfigurations = (
				1F9DD7F427F6CD04002F6BA7 /* Debug */,
				1F9DD7F527F6CD04002F6BA7 /* Release */,
			);
			defaultConfigurationIsVisible = 0;
			defaultConfigurationName = Release;
		};
		1F9DD7F627F6CD04002F6BA7 /* Build configuration list for PBXNativeTarget "helloiosUITests" */ = {
			isa = XCConfigurationList;
			buildConfigurations = (
				1F9DD7F727F6CD04002F6BA7 /* Debug */,
				1F9DD7F827F6CD04002F6BA7 /* Release */,
			);
			defaultConfigurationIsVisible = 0;
			defaultConfigurationName = Release;
		};
/* End XCConfigurationList section */
	};
	rootObject = 1F9DD7BE27F6CD03002F6BA7 /* Project object */;
}
